
Microsoft Visual Studio Solution File, Format Version 12.00
# Visual Studio Version 17
VisualStudioVersion = 17.5.002.0
MinimumVisualStudioVersion = 10.0.40219.1
Project("{9A19103F-16F7-4668-BE54-9A1E7A4F7556}") = "RenderTest", "RenderTest.csproj", "{4A9CC8F2-145D-41A1-A713-54B2B2F8D02B}"
EndProject
Global
	GlobalSection(SolutionConfigurationPlatforms) = preSolution
		Debug|Any CPU = Debug|Any CPU
		Release|Any CPU = Release|Any CPU
	EndGlobalSection
	GlobalSection(ProjectConfigurationPlatforms) = postSolution
		{4A9CC8F2-145D-41A1-A713-54B2B2F8D02B}.Debug|Any CPU.ActiveCfg = Debug|Any CPU
		{4A9CC8F2-145D-41A1-A713-54B2B2F8D02B}.Debug|Any CPU.Build.0 = Debug|Any CPU
		{4A9CC8F2-145D-41A1-A713-54B2B2F8D02B}.Release|Any CPU.ActiveCfg = Release|Any CPU
		{4A9CC8F2-145D-41A1-A713-54B2B2F8D02B}.Release|Any CPU.Build.0 = Release|Any CPU
	EndGlobalSection
	GlobalSection(SolutionProperties) = preSolution
		HideSolutionNode = FALSE
	EndGlobalSection
	GlobalSection(ExtensibilityGlobals) = postSolution
		SolutionGuid = {A9B35008-2D2D-4445-A734-0EFE8C6290A5}
	EndGlobalSection
EndGlobal
